
Microsoft Visual Studio Solution File, Format Version 12.00
# Visual Studio Version 17
VisualStudioVersion = 17.7.34024.191
MinimumVisualStudioVersion = 10.0.40219.1
Project("{FAE04EC0-301F-11D3-BF4B-00C04F79EFBC}") = "travellApp.Android", "travellApp\travellApp.Android\travellApp.Android.csproj", "{BEA627B2-7DE9-4D3A-B456-E230932CCC29}"
EndProject
Project("{FAE04EC0-301F-11D3-BF4B-00C04F79EFBC}") = "travellApp.iOS", "travellApp\travellApp.iOS\travellApp.iOS.csproj", "{6262947A-634A-4122-A3FE-B68E2E787526}"
EndProject
Project("{9A19103F-16F7-4668-BE54-9A1E7A4F7556}") = "travellApp", "travellApp\travellApp\travellApp.csproj", "{3CD0D446-046B-4C2F-8046-61181D2E1065}"
EndProject
Global
	GlobalSection(SolutionConfigurationPlatforms) = preSolution
		Debug|Any CPU = Debug|Any CPU
		Debug|iPhone = Debug|iPhone
		Debug|iPhoneSimulator = Debug|iPhoneSimulator
		Release|Any CPU = Release|Any CPU
		Release|iPhone = Release|iPhone
		Release|iPhoneSimulator = Release|iPhoneSimulator
	EndGlobalSection
	GlobalSection(ProjectConfigurationPlatforms) = postSolution
		{BEA627B2-7DE9-4D3A-B456-E230932CCC29}.Debug|Any CPU.ActiveCfg = Debug|Any CPU
		{BEA627B2-7DE9-4D3A-B456-E230932CCC29}.Debug|Any CPU.Build.0 = Debug|Any CPU
		{BEA627B2-7DE9-4D3A-B456-E230932CCC29}.Debug|Any CPU.Deploy.0 = Debug|Any CPU
		{BEA627B2-7DE9-4D3A-B456-E230932CCC29}.Debug|iPhone.ActiveCfg = Debug|Any CPU
		{BEA627B2-7DE9-4D3A-B456-E230932CCC29}.Debug|iPhone.Build.0 = Debug|Any CPU
		{BEA627B2-7DE9-4D3A-B456-E230932CCC29}.Debug|iPhone.Deploy.0 = Debug|Any CPU
		{BEA627B2-7DE9-4D3A-B456-E230932CCC29}.Debug|iPhoneSimulator.ActiveCfg = Debug|Any CPU
		{BEA627B2-7DE9-4D3A-B456-E230932CCC29}.Debug|iPhoneSimulator.Build.0 = Debug|Any CPU
		{BEA627B2-7DE9-4D3A-B456-E230932CCC29}.Debug|iPhoneSimulator.Deploy.0 = Debug|Any CPU
		{BEA627B2-7DE9-4D3A-B456-E230932CCC29}.Release|Any CPU.ActiveCfg = Release|Any CPU
		{BEA627B2-7DE9-4D3A-B456-E230932CCC29}.Release|Any CPU.Build.0 = Release|Any CPU
		{BEA627B2-7DE9-4D3A-B456-E230932CCC29}.Release|Any CPU.Deploy.0 = Release|Any CPU
		{BEA627B2-7DE9-4D3A-B456-E230932CCC29}.Release|iPhone.ActiveCfg = Release|Any CPU
		{BEA627B2-7DE9-4D3A-B456-E230932CCC29}.Release|iPhone.Build.0 = Release|Any CPU
		{BEA627B2-7DE9-4D3A-B456-E230932CCC29}.Release|iPhone.Deploy.0 = Release|Any CPU
		{BEA627B2-7DE9-4D3A-B456-E230932CCC29}.Release|iPhoneSimulator.ActiveCfg = Release|Any CPU
		{BEA627B2-7DE9-4D3A-B456-E230932CCC29}.Release|iPhoneSimulator.Build.0 = Release|Any CPU
		{BEA627B2-7DE9-4D3A-B456-E230932CCC29}.Release|iPhoneSimulator.Deploy.0 = Release|Any CPU
		{6262947A-634A-4122-A3FE-B68E2E787526}.Debug|Any CPU.ActiveCfg = Debug|iPhone
		{6262947A-634A-4122-A3FE-B68E2E787526}.Debug|Any CPU.Build.0 = Debug|iPhone
		{6262947A-634A-4122-A3FE-B68E2E787526}.Debug|Any CPU.Deploy.0 = Debug|iPhone
		{6262947A-634A-4122-A3FE-B68E2E787526}.Debug|iPhone.ActiveCfg = Debug|iPhone
		{6262947A-634A-4122-A3FE-B68E2E787526}.Debug|iPhone.Build.0 = Debug|iPhone
		{6262947A-634A-4122-A3FE-B68E2E787526}.Debug|iPhone.Deploy.0 = Debug|iPhone
		{6262947A-634A-4122-A3FE-B68E2E787526}.Debug|iPhoneSimulator.ActiveCfg = Debug|iPhoneSimulator
		{6262947A-634A-4122-A3FE-B68E2E787526}.Debug|iPhoneSimulator.Build.0 = Debug|iPhoneSimulator
		{6262947A-634A-4122-A3FE-B68E2E787526}.Debug|iPhoneSimulator.Deploy.0 = Debug|iPhoneSimulator
		{6262947A-634A-4122-A3FE-B68E2E787526}.Release|Any CPU.ActiveCfg = Release|iPhoneSimulator
		{6262947A-634A-4122-A3FE-B68E2E787526}.Release|Any CPU.Build.0 = Release|iPhoneSimulator
		{6262947A-634A-4122-A3FE-B68E2E787526}.Release|Any CPU.Deploy.0 = Release|iPhoneSimulator
		{6262947A-634A-4122-A3FE-B68E2E787526}.Release|iPhone.ActiveCfg = Release|iPhone
		{6262947A-634A-4122-A3FE-B68E2E787526}.Release|iPhone.Build.0 = Release|iPhone
		{6262947A-634A-4122-A3FE-B68E2E787526}.Release|iPhone.Deploy.0 = Release|iPhone
		{6262947A-634A-4122-A3FE-B68E2E787526}.Release|iPhoneSimulator.ActiveCfg = Release|iPhoneSimulator
		{6262947A-634A-4122-A3FE-B68E2E787526}.Release|iPhoneSimulator.Build.0 = Release|iPhoneSimulator
		{6262947A-634A-4122-A3FE-B68E2E787526}.Release|iPhoneSimulator.Deploy.0 = Release|iPhoneSimulator
		{3CD0D446-046B-4C2F-8046-61181D2E1065}.Debug|Any CPU.ActiveCfg = Debug|Any CPU
		{3CD0D446-046B-4C2F-8046-61181D2E1065}.Debug|Any CPU.Build.0 = Debug|Any CPU
		{3CD0D446-046B-4C2F-8046-61181D2E1065}.Debug|Any CPU.Deploy.0 = Debug|Any CPU
		{3CD0D446-046B-4C2F-8046-61181D2E1065}.Debug|iPhone.ActiveCfg = Debug|Any CPU
		{3CD0D446-046B-4C2F-8046-61181D2E1065}.Debug|iPhone.Build.0 = Debug|Any CPU
		{3CD0D446-046B-4C2F-8046-61181D2E1065}.Debug|iPhone.Deploy.0 = Debug|Any CPU
		{3CD0D446-046B-4C2F-8046-61181D2E1065}.Debug|iPhoneSimulator.ActiveCfg = Debug|Any CPU
		{3CD0D446-046B-4C2F-8046-61181D2E1065}.Debug|iPhoneSimulator.Build.0 = Debug|Any CPU
		{3CD0D446-046B-4C2F-8046-61181D2E1065}.Debug|iPhoneSimulator.Deploy.0 = Debug|Any CPU
		{3CD0D446-046B-4C2F-8046-61181D2E1065}.Release|Any CPU.ActiveCfg = Release|Any CPU
		{3CD0D446-046B-4C2F-8046-61181D2E1065}.Release|Any CPU.Build.0 = Release|Any CPU
		{3CD0D446-046B-4C2F-8046-61181D2E1065}.Release|Any CPU.Deploy.0 = Release|Any CPU
		{3CD0D446-046B-4C2F-8046-61181D2E1065}.Release|iPhone.ActiveCfg = Release|Any CPU
		{3CD0D446-046B-4C2F-8046-61181D2E1065}.Release|iPhone.Build.0 = Release|Any CPU
		{3CD0D446-046B-4C2F-8046-61181D2E1065}.Release|iPhone.Deploy.0 = Release|Any CPU
		{3CD0D446-046B-4C2F-8046-61181D2E1065}.Release|iPhoneSimulator.ActiveCfg = Release|Any CPU
		{3CD0D446-046B-4C2F-8046-61181D2E1065}.Release|iPhoneSimulator.Build.0 = Release|Any CPU
		{3CD0D446-046B-4C2F-8046-61181D2E1065}.Release|iPhoneSimulator.Deploy.0 = Release|Any CPU
	EndGlobalSection
	GlobalSection(SolutionProperties) = preSolution
		HideSolutionNode = FALSE
	EndGlobalSection
	GlobalSection(ExtensibilityGlobals) = postSolution
		SolutionGuid = {0F11921A-204C-47F5-A9AD-FA52431ED36F}
	EndGlobalSection
EndGlobal
